{
  "name": "MessengerApp",
  "lockfileVersion": 3,
  "requires": true,
  "packages": {
    "": {
      "dependencies": {
        "@github/webauthn-json": "^2.1.1"
      }
    },
    "node_modules/@github/webauthn-json": {
      "version": "2.1.1",
      "resolved": "https://registry.npmjs.org/@github/webauthn-json/-/webauthn-json-2.1.1.tgz",
      "integrity": "sha512-XrftRn4z75SnaJOmZQbt7Mk+IIjqVHw+glDGOxuHwXkZBZh/MBoRS7MHjSZMDaLhT4RjN2VqiEU7EOYleuJWSQ==",
      "bin": {
        "webauthn-json": "dist/bin/main.js"
      }
    }
  }
}
